
Microsoft Visual Studio Solution File, Format Version 12.00
# Visual Studio Version 16
VisualStudioVersion = 16.0.28407.52
MinimumVisualStudioVersion = 10.0.40219.1
Project("{FAE04EC0-301F-11D3-BF4B-00C04F79EFBC}") = "HTTP09", "HTTP09.csproj", "{20E51D35-EB58-42C3-8216-D48C56307958}"
EndProject
Global
	GlobalSection(SolutionConfigurationPlatforms) = preSolution
		Debug|Any CPU = Debug|Any CPU
		Release|Any CPU = Release|Any CPU
	EndGlobalSection
	GlobalSection(ProjectConfigurationPlatforms) = postSolution
		{20E51D35-EB58-42C3-8216-D48C56307958}.Debug|Any CPU.ActiveCfg = Debug|Any CPU
		{20E51D35-EB58-42C3-8216-D48C56307958}.Debug|Any CPU.Build.0 = Debug|Any CPU
		{20E51D35-EB58-42C3-8216-D48C56307958}.Release|Any CPU.ActiveCfg = Release|Any CPU
		{20E51D35-EB58-42C3-8216-D48C56307958}.Release|Any CPU.Build.0 = Release|Any CPU
	EndGlobalSection
	GlobalSection(SolutionProperties) = preSolution
		HideSolutionNode = FALSE
	EndGlobalSection
	GlobalSection(ExtensibilityGlobals) = postSolution
		SolutionGuid = {CC0F070A-CEF0-4441-AF06-CC09058CAAA7}
	EndGlobalSection
EndGlobal
